<?xml version="1.0" encoding="utf-8"?>
<Project ToolsVersion="4.0" xmlns="http://schemas.microsoft.com/developer/msbuild/2003">
  <ItemGroup>
    <Filter Include="Source Files">
      <UniqueIdentifier>{4FC737F1-C7A5-4376-A066-2A32D752A2FF}</UniqueIdentifier>
      <Extensions>cpp;c;cc;cxx;c++;cppm;ixx;def;odl;idl;hpj;bat;asm;asmx</Extensions>
    </Filter>
    <Filter Include="Header Files">
      <UniqueIdentifier>{93995380-89BD-4b04-88EB-625FBE52EBFB}</UniqueIdentifier>
      <Extensions>h;hh;hpp;hxx;h++;hm;inl;inc;ipp;xsd</Extensions>
    </Filter>
    <Filter Include="imgui">
      <UniqueIdentifier>{9e8b2815-30c1-4ef9-9fa8-83eda05d490d}</UniqueIdentifier>
    </Filter>
    <Filter Include="menu">
      <UniqueIdentifier>{e42841e3-ceb1-4730-8f57-ddefcfa5c273}</UniqueIdentifier>
    </Filter>
    <Filter Include="config">
      <UniqueIdentifier>{bad25dd2-4c0a-4be6-97f1-a68d19a40097}</UniqueIdentifier>
    </Filter>
    <Filter Include="offsets">
      <UniqueIdentifier>{8e24ac93-0e1d-41ec-8bbe-dc68a28bb4f7}</UniqueIdentifier>
    </Filter>
    <Filter Include="datatypes">
      <UniqueIdentifier>{c31e7ee4-2e89-4207-9527-5df2e4c34c65}</UniqueIdentifier>
    </Filter>
    <Filter Include="main">
      <UniqueIdentifier>{760f5cf6-fc64-4998-8e35-99916d774d52}</UniqueIdentifier>
    </Filter>
    <Filter Include="utilities">
      <UniqueIdentifier>{76dd901c-0292-4396-ba21-65d6f30adbe4}</UniqueIdentifier>
    </Filter>
    <Filter Include="utilities\memory">
      <UniqueIdentifier>{cc9452d6-af50-436c-a33f-dae1e13bb67e}</UniqueIdentifier>
    </Filter>
    <Filter Include="utilities\functions">
      <UniqueIdentifier>{912ecc5b-e249-4177-b02b-2e5fc4e2feab}</UniqueIdentifier>
    </Filter>
    <Filter Include="utilities\functions\WorldToScreen">
      <UniqueIdentifier>{db9febb3-ab74-4e84-b130-921f20d95c76}</UniqueIdentifier>
    </Filter>
    <Filter Include="utilities\functions\Calculations">
      <UniqueIdentifier>{70359522-f244-4a34-95fa-8f46b3c5bf37}</UniqueIdentifier>
    </Filter>
    <Filter Include="utilities\functions\Drawing">
      <UniqueIdentifier>{755a7067-2113-4083-86fa-61b54a720965}</UniqueIdentifier>
    </Filter>
    <Filter Include="Threads">
      <UniqueIdentifier>{fdeac78a-1b76-45f0-b52c-b36cd6835809}</UniqueIdentifier>
    </Filter>
    <Filter Include="utilities\protection">
      <UniqueIdentifier>{405e0971-b248-4edd-9270-2836de5c5c12}</UniqueIdentifier>
    </Filter>
    <Filter Include="utilities\functions\Login">
      <UniqueIdentifier>{b3155ae6-90d6-42f0-acce-19a4985182f7}</UniqueIdentifier>
    </Filter>
    <Filter Include="utilities\functions\Login\Server">
      <UniqueIdentifier>{f55b0503-14b6-4f29-b518-35a452fb23ea}</UniqueIdentifier>
    </Filter>
  </ItemGroup>
  <ItemGroup>
    <ClCompile Include="entry.cpp">
      <Filter>Source Files</Filter>
    </ClCompile>
    <ClCompile Include="..\Dependencies\include\imgui\imgui.cpp">
      <Filter>imgui</Filter>
    </ClCompile>
    <ClCompile Include="..\Dependencies\include\imgui\imgui_demo.cpp">
      <Filter>imgui</Filter>
    </ClCompile>
    <ClCompile Include="..\Dependencies\include\imgui\imgui_draw.cpp">
      <Filter>imgui</Filter>
    </ClCompile>
    <ClCompile Include="..\Dependencies\include\imgui\imgui_impl_glfw.cpp">
      <Filter>imgui</Filter>
    </ClCompile>
    <ClCompile Include="..\Dependencies\include\imgui\imgui_impl_opengl3.cpp">
      <Filter>imgui</Filter>
    </ClCompile>
    <ClCompile Include="..\Dependencies\include\imgui\imgui_tables.cpp">
      <Filter>imgui</Filter>
    </ClCompile>
    <ClCompile Include="..\Dependencies\include\imgui\imgui_widgets.cpp">
      <Filter>imgui</Filter>
    </ClCompile>
    <ClCompile Include="menu.cpp">
      <Filter>menu</Filter>
    </ClCompile>
    <ClCompile Include="config.cpp">
      <Filter>config</Filter>
    </ClCompile>
    <ClCompile Include="main.cpp">
      <Filter>main</Filter>
    </ClCompile>
    <ClCompile Include="datatypes.cpp">
      <Filter>datatypes</Filter>
    </ClCompile>
    <ClCompile Include="proc.cpp">
      <Filter>utilities\memory</Filter>
    </ClCompile>
    <ClCompile Include="utilities.cpp">
      <Filter>utilities</Filter>
    </ClCompile>
    <ClCompile Include="WorldToScreen.cpp">
      <Filter>utilities\functions\WorldToScreen</Filter>
    </ClCompile>
    <ClCompile Include="calculations.cpp">
      <Filter>utilities\functions\Calculations</Filter>
    </ClCompile>
    <ClCompile Include="draw.cpp">
      <Filter>utilities\functions\Drawing</Filter>
    </ClCompile>
    <ClCompile Include="fucntions.cpp">
      <Filter>utilities\functions</Filter>
    </ClCompile>
    <ClCompile Include="protection.cpp">
      <Filter>utilities\protection</Filter>
    </ClCompile>
    <ClCompile Include="login.cpp">
      <Filter>utilities\functions\Login</Filter>
    </ClCompile>
    <ClCompile Include="server.cpp">
      <Filter>utilities\functions\Login\Server</Filter>
    </ClCompile>
    <ClCompile Include="hiding.cpp">
      <Filter>utilities\protection</Filter>
    </ClCompile>
  </ItemGroup>
  <ItemGroup>
    <ClInclude Include="menu.h">
      <Filter>menu</Filter>
    </ClInclude>
    <ClInclude Include="config.h">
      <Filter>config</Filter>
    </ClInclude>
    <ClInclude Include="main.h">
      <Filter>main</Filter>
    </ClInclude>
    <ClInclude Include="datatypes.h">
      <Filter>datatypes</Filter>
    </ClInclude>
    <ClInclude Include="proc.h">
      <Filter>utilities\memory</Filter>
    </ClInclude>
    <ClInclude Include="client_dll.hpp">
      <Filter>offsets</Filter>
    </ClInclude>
    <ClInclude Include="offsets.hpp">
      <Filter>offsets</Filter>
    </ClInclude>
    <ClInclude Include="utilities.h">
      <Filter>utilities</Filter>
    </ClInclude>
    <ClInclude Include="WorldToScreen.h">
      <Filter>utilities\functions\WorldToScreen</Filter>
    </ClInclude>
    <ClInclude Include="calculations.h">
      <Filter>utilities\functions\Calculations</Filter>
    </ClInclude>
    <ClInclude Include="draw.h">
      <Filter>utilities\functions\Drawing</Filter>
    </ClInclude>
    <ClInclude Include="functions.h">
      <Filter>utilities\functions</Filter>
    </ClInclude>
    <ClInclude Include="protection.h">
      <Filter>utilities\protection</Filter>
    </ClInclude>
    <ClInclude Include="login.h">
      <Filter>utilities\functions\Login</Filter>
    </ClInclude>
    <ClInclude Include="server.h">
      <Filter>utilities\functions\Login\Server</Filter>
    </ClInclude>
    <ClInclude Include="buttons.hpp">
      <Filter>offsets</Filter>
    </ClInclude>
    <ClInclude Include="hiding.h">
      <Filter>utilities\protection</Filter>
    </ClInclude>
  </ItemGroup>
</Project>